
Microsoft Visual Studio Solution File, Format Version 12.00
# Visual Studio 15
VisualStudioVersion = 15.0.28307.136
MinimumVisualStudioVersion = 10.0.40219.1
Project("{FAE04EC0-301F-11D3-BF4B-00C04F79EFBC}") = "Proyecto3_Diplomado_Web_MVC_UASD_Registro", "Proyecto3_Diplomado_Web_MVC_UASD_Registro\Proyecto3_Diplomado_Web_MVC_UASD_Registro.csproj", "{8F7E0F45-6203-47D1-AB65-2D8DBDC0F3E5}"
EndProject
Global
	GlobalSection(SolutionConfigurationPlatforms) = preSolution
		Debug|Any CPU = Debug|Any CPU
		Release|Any CPU = Release|Any CPU
	EndGlobalSection
	GlobalSection(ProjectConfigurationPlatforms) = postSolution
		{8F7E0F45-6203-47D1-AB65-2D8DBDC0F3E5}.Debug|Any CPU.ActiveCfg = Debug|Any CPU
		{8F7E0F45-6203-47D1-AB65-2D8DBDC0F3E5}.Debug|Any CPU.Build.0 = Debug|Any CPU
		{8F7E0F45-6203-47D1-AB65-2D8DBDC0F3E5}.Release|Any CPU.ActiveCfg = Release|Any CPU
		{8F7E0F45-6203-47D1-AB65-2D8DBDC0F3E5}.Release|Any CPU.Build.0 = Release|Any CPU
	EndGlobalSection
	GlobalSection(SolutionProperties) = preSolution
		HideSolutionNode = FALSE
	EndGlobalSection
	GlobalSection(ExtensibilityGlobals) = postSolution
		SolutionGuid = {4F68DC21-8FF1-4A62-BE62-A7BD0EF877A8}
	EndGlobalSection
EndGlobal
